
Microsoft Visual Studio Solution File, Format Version 12.00
# Visual Studio Version 16
VisualStudioVersion = 16.0.30128.74
MinimumVisualStudioVersion = 10.0.40219.1
Project("{FAE04EC0-301F-11D3-BF4B-00C04F79EFBC}") = "name", "name\name.csproj", "{C6B6E466-0B16-4B8B-BABF-39E94002CABA}"
EndProject
Global
	GlobalSection(SolutionConfigurationPlatforms) = preSolution
		Debug|Any CPU = Debug|Any CPU
		Release|Any CPU = Release|Any CPU
	EndGlobalSection
	GlobalSection(ProjectConfigurationPlatforms) = postSolution
		{C6B6E466-0B16-4B8B-BABF-39E94002CABA}.Debug|Any CPU.ActiveCfg = Debug|Any CPU
		{C6B6E466-0B16-4B8B-BABF-39E94002CABA}.Debug|Any CPU.Build.0 = Debug|Any CPU
		{C6B6E466-0B16-4B8B-BABF-39E94002CABA}.Release|Any CPU.ActiveCfg = Release|Any CPU
		{C6B6E466-0B16-4B8B-BABF-39E94002CABA}.Release|Any CPU.Build.0 = Release|Any CPU
	EndGlobalSection
	GlobalSection(SolutionProperties) = preSolution
		HideSolutionNode = FALSE
	EndGlobalSection
	GlobalSection(ExtensibilityGlobals) = postSolution
		SolutionGuid = {7558E223-C7D5-4B7D-BAE7-E7607F70E5F2}
	EndGlobalSection
EndGlobal
